<?xml version="1.0" encoding="utf-8"?>
<Project ToolsVersion="4.0" xmlns="http://schemas.microsoft.com/developer/msbuild/2003">
  <ItemGroup>
    <Filter Include="Source Files">
      <UniqueIdentifier>{4FC737F1-C7A5-4376-A066-2A32D752A2FF}</UniqueIdentifier>
      <Extensions>cpp;c;cc;cxx;def;odl;idl;hpj;bat;asm;asmx</Extensions>
    </Filter>
    <Filter Include="Header Files">
      <UniqueIdentifier>{93995380-89BD-4b04-88EB-625FBE52EBFB}</UniqueIdentifier>
      <Extensions>h;hpp;hxx;hm;inl;inc;xsd</Extensions>
    </Filter>
    <Filter Include="Resource Files">
      <UniqueIdentifier>{67DA6AB6-F800-4c08-8B7A-83BB121AAD01}</UniqueIdentifier>
      <Extensions>rc;ico;cur;bmp;dlg;rc2;rct;bin;rgs;gif;jpg;jpeg;jpe;resx;tiff;tif;png;wav;mfcribbon-ms</Extensions>
    </Filter>
    <Filter Include="Geometry">
      <UniqueIdentifier>{8d7ff610-a458-4ba4-92d9-182668acaa8f}</UniqueIdentifier>
    </Filter>
    <Filter Include="Geometry\Header Files">
      <UniqueIdentifier>{a48304a0-ad09-4168-810d-c1d1097ee1fa}</UniqueIdentifier>
    </Filter>
    <Filter Include="Geometry\Source Files">
      <UniqueIdentifier>{99469ba7-5d6d-446d-9333-59fbbea4ecd8}</UniqueIdentifier>
    </Filter>
  </ItemGroup>
  <ItemGroup>
    <ClCompile Include="main.cpp">
      <Filter>Source Files</Filter>
    </ClCompile>
    <ClCompile Include="Helper.cpp">
      <Filter>Source Files</Filter>
    </ClCompile>
    <ClCompile Include="Utilities.cpp">
      <Filter>Source Files</Filter>
    </ClCompile>
    <ClCompile Include="Geometry\GeometryUtilities.cpp">
      <Filter>Geometry\Source Files</Filter>
    </ClCompile>
    <ClCompile Include="Geometry\Line2D.cpp">
      <Filter>Geometry\Source Files</Filter>
    </ClCompile>
    <ClCompile Include="Geometry\Point.cpp">
      <Filter>Geometry\Source Files</Filter>
    </ClCompile>
    <ClCompile Include="Geometry\Point2D.cpp">
      <Filter>Geometry\Source Files</Filter>
    </ClCompile>
    <ClCompile Include="Geometry\Rectangle.cpp">
      <Filter>Geometry\Source Files</Filter>
    </ClCompile>
    <ClCompile Include="ConvHullBuilder.cpp">
      <Filter>Source Files</Filter>
    </ClCompile>
    <ClCompile Include="EllipsoidBuilder.cpp">
      <Filter>Source Files</Filter>
    </ClCompile>
    <ClCompile Include="SimpleRectangleBuilder.cpp">
      <Filter>Source Files</Filter>
    </ClCompile>
    <ClCompile Include="MinimumRectangleBuilder.cpp">
      <Filter>Source Files</Filter>
    </ClCompile>
    <ClCompile Include="Geometry\Ellipsoid2D.cpp">
      <Filter>Geometry\Source Files</Filter>
    </ClCompile>
  </ItemGroup>
  <ItemGroup>
    <ClInclude Include="Helper.h">
      <Filter>Header Files</Filter>
    </ClInclude>
    <ClInclude Include="Utilities.h">
      <Filter>Header Files</Filter>
    </ClInclude>
    <ClInclude Include="Geometry\GeometryUtilities.h">
      <Filter>Geometry\Header Files</Filter>
    </ClInclude>
    <ClInclude Include="Geometry\Line2D.h">
      <Filter>Geometry\Header Files</Filter>
    </ClInclude>
    <ClInclude Include="Geometry\Point.h">
      <Filter>Geometry\Header Files</Filter>
    </ClInclude>
    <ClInclude Include="Geometry\Point2D.h">
      <Filter>Geometry\Header Files</Filter>
    </ClInclude>
    <ClInclude Include="Geometry\Rectangle.h">
      <Filter>Geometry\Header Files</Filter>
    </ClInclude>
    <ClInclude Include="ConvHullBuilder.h">
      <Filter>Header Files</Filter>
    </ClInclude>
    <ClInclude Include="EllipsoidBuilder.h">
      <Filter>Header Files</Filter>
    </ClInclude>
    <ClInclude Include="IRectangleBuilder.h">
      <Filter>Header Files</Filter>
    </ClInclude>
    <ClInclude Include="SimpleRectangleBuilder.h">
      <Filter>Header Files</Filter>
    </ClInclude>
    <ClInclude Include="Geometry\Geometry.h">
      <Filter>Geometry\Header Files</Filter>
    </ClInclude>
    <ClInclude Include="MinimumRectangleBuilder.h">
      <Filter>Header Files</Filter>
    </ClInclude>
    <ClInclude Include="Geometry\Ellipsoid2D.h">
      <Filter>Geometry\Header Files</Filter>
    </ClInclude>
    <ClInclude Include="IConvexHullBuilder.h">
      <Filter>Header Files</Filter>
    </ClInclude>
  </ItemGroup>
</Project>